github.com/goccy/go-json v0.10.2 h1:CrxCmQqYDkv1z7lO7Wbh2HN93uovUHgrECaO5ZrCXAU=
github.com/goccy/go-json v0.10.2/go.mod h1:6MelG93GURQebXPDq3khkgXZkazVtN9CRI+MGFi0w8I=
github.com/valyala/tsvreader v1.0.0 h1:KNtHsLTBU4PiDYxP1xGqcxajaWmTa5qcfMtcm18gadA=
github.com/valyala/tsvreader v1.0.0/go.mod h1:AqhC2nWrWn/LDpQwfvepjQofncq2nefgCkV/A+jB2kk=
